// !$*UTF8*$!
{
	archiveVersion = 1;
	classes = {
	};
	objectVersion = 56;
	objects = {

/* Begin PBXBuildFile section */
		2C1765002B71FB1D00CD789E /* KakaoSDKCommon in Frameworks */ = {isa = PBXBuildFile; productRef = 2C1764FF2B71FB1D00CD789E /* KakaoSDKCommon */; };
		2C1765082B7279A000CD789E /* StringLiterals.swift in Sources */ = {isa = PBXBuildFile; fileRef = 2C1765072B7279A000CD789E /* StringLiterals.swift */; };
		2C17650A2B7283A500CD789E /* UIViewController+.swift in Sources */ = {isa = PBXBuildFile; fileRef = 2C1765092B7283A500CD789E /* UIViewController+.swift */; };
		2C33B1742B76404A00A9476D /* PuzzleMainButton.swift in Sources */ = {isa = PBXBuildFile; fileRef = 2C33B1732B76404A00A9476D /* PuzzleMainButton.swift */; };
		2C33B1782B764A7000A9476D /* OnboardingPlusViewController.swift in Sources */ = {isa = PBXBuildFile; fileRef = 2C33B1772B764A7000A9476D /* OnboardingPlusViewController.swift */; };
		2C33B17A2B764A8300A9476D /* OnboardingPlusView.swift in Sources */ = {isa = PBXBuildFile; fileRef = 2C33B1792B764A8300A9476D /* OnboardingPlusView.swift */; };
		2C33B17E2B76537300A9476D /* PuzzleBottomSheetViewController.swift in Sources */ = {isa = PBXBuildFile; fileRef = 2C33B17D2B76537300A9476D /* PuzzleBottomSheetViewController.swift */; };
		2C372A3C2B6B7ABE009B7BF6 /* AuthKakaoService.swift in Sources */ = {isa = PBXBuildFile; fileRef = 2C372A3B2B6B7ABE009B7BF6 /* AuthKakaoService.swift */; };
		2C372A3E2B6B7ACD009B7BF6 /* AuthAppleService.swift in Sources */ = {isa = PBXBuildFile; fileRef = 2C372A3D2B6B7ACD009B7BF6 /* AuthAppleService.swift */; };
		2C372A442B6B8C44009B7BF6 /* AuthDTO.swift in Sources */ = {isa = PBXBuildFile; fileRef = 2C372A432B6B8C44009B7BF6 /* AuthDTO.swift */; };
		2C372A482B6B8D3A009B7BF6 /* UserRepository.swift in Sources */ = {isa = PBXBuildFile; fileRef = 2C372A472B6B8D3A009B7BF6 /* UserRepository.swift */; };
		2C5310DA2B6E6FB700704371 /* SnapKit in Frameworks */ = {isa = PBXBuildFile; productRef = 2C5310D92B6E6FB700704371 /* SnapKit */; };
		2C5310DF2B6E71FF00704371 /* LoginView.swift in Sources */ = {isa = PBXBuildFile; fileRef = 2C5310DE2B6E71FF00704371 /* LoginView.swift */; };
		2C5310E32B6E782B00704371 /* LoginCollectionViewCell.swift in Sources */ = {isa = PBXBuildFile; fileRef = 2C5310E22B6E782B00704371 /* LoginCollectionViewCell.swift */; };
		2C5310E52B6E7B8700704371 /* LoginViewController.swift in Sources */ = {isa = PBXBuildFile; fileRef = 2C5310E42B6E7B8700704371 /* LoginViewController.swift */; };
		2C5310E82B6E846100704371 /* DummyData.swift in Sources */ = {isa = PBXBuildFile; fileRef = 2C5310E72B6E846100704371 /* DummyData.swift */; };
		2C5310EA2B6E893C00704371 /* LoginViewModel.swift in Sources */ = {isa = PBXBuildFile; fileRef = 2C5310E92B6E893C00704371 /* LoginViewModel.swift */; };
		2C5310ED2B6E8BD200704371 /* ViewModelType.swift in Sources */ = {isa = PBXBuildFile; fileRef = 2C5310EC2B6E8BD200704371 /* ViewModelType.swift */; };
		2C5310F02B6E8CA000704371 /* CancelBag+.swift in Sources */ = {isa = PBXBuildFile; fileRef = 2C5310EF2B6E8CA000704371 /* CancelBag+.swift */; };
		2C55EEB92B711ACA001AD42E /* KakaoSDK in Frameworks */ = {isa = PBXBuildFile; productRef = 2C55EEB82B711ACA001AD42E /* KakaoSDK */; };
		2C55EEBB2B711ACA001AD42E /* KakaoSDKAuth in Frameworks */ = {isa = PBXBuildFile; productRef = 2C55EEBA2B711ACA001AD42E /* KakaoSDKAuth */; };
		2C55EEBD2B711ACA001AD42E /* KakaoSDKUser in Frameworks */ = {isa = PBXBuildFile; productRef = 2C55EEBC2B711ACA001AD42E /* KakaoSDKUser */; };
		2C55EEC02B711BB5001AD42E /* Config.swift in Sources */ = {isa = PBXBuildFile; fileRef = 2C55EEBF2B711BB5001AD42E /* Config.swift */; };
		7127DA502B81C9C000B262DA /* InterestViewModel.swift in Sources */ = {isa = PBXBuildFile; fileRef = 7127DA4F2B81C9C000B262DA /* InterestViewModel.swift */; };
		7127DA522B81EF6100B262DA /* InterestSelectionCollectionView.swift in Sources */ = {isa = PBXBuildFile; fileRef = 7127DA512B81EF6100B262DA /* InterestSelectionCollectionView.swift */; };
		7127DA542B82071700B262DA /* LeftAlignedFlowLayout.swift in Sources */ = {isa = PBXBuildFile; fileRef = 7127DA532B82071700B262DA /* LeftAlignedFlowLayout.swift */; };
		7127DA562B820DA800B262DA /* InterestSelectionViewHeader.swift in Sources */ = {isa = PBXBuildFile; fileRef = 7127DA552B820DA800B262DA /* InterestSelectionViewHeader.swift */; };
		7127DA592B82435500B262DA /* AreaViewModel.swift in Sources */ = {isa = PBXBuildFile; fileRef = 7127DA582B82435500B262DA /* AreaViewModel.swift */; };
		7127DA5C2B8243CB00B262DA /* OnboardingSelectAreaViewController.swift in Sources */ = {isa = PBXBuildFile; fileRef = 7127DA5B2B8243CB00B262DA /* OnboardingSelectAreaViewController.swift */; };
		7127DA5F2B825E6400B262DA /* Publisher+UIControl.swift in Sources */ = {isa = PBXBuildFile; fileRef = 7127DA5E2B825E6400B262DA /* Publisher+UIControl.swift */; };
		7127DA612B82601000B262DA /* Publisher+UIGesture.swift in Sources */ = {isa = PBXBuildFile; fileRef = 7127DA602B82601000B262DA /* Publisher+UIGesture.swift */; };
		7127DA632B832E9800B262DA /* AreaTableView.swift in Sources */ = {isa = PBXBuildFile; fileRef = 7127DA622B832E9800B262DA /* AreaTableView.swift */; };
		7127DA652B8330C500B262DA /* AreaTableViewCell.swift in Sources */ = {isa = PBXBuildFile; fileRef = 7127DA642B8330C500B262DA /* AreaTableViewCell.swift */; };
		7127DA682B83941100B262DA /* OnboardingService.swift in Sources */ = {isa = PBXBuildFile; fileRef = 7127DA672B83941100B262DA /* OnboardingService.swift */; };
		71355AEA2B80E371007E1822 /* OnboardingSelectInterestViewController.swift in Sources */ = {isa = PBXBuildFile; fileRef = 71355AE92B80E371007E1822 /* OnboardingSelectInterestViewController.swift */; };
		71355AEC2B80ECC1007E1822 /* InterestSelectionViewCell.swift in Sources */ = {isa = PBXBuildFile; fileRef = 71355AEB2B80ECC1007E1822 /* InterestSelectionViewCell.swift */; };
		71773C5F2B64BEFB0041605E /* PuzzleTabBarController.swift in Sources */ = {isa = PBXBuildFile; fileRef = 71773C5E2B64BEFB0041605E /* PuzzleTabBarController.swift */; };
		71773C642B66AB770041605E /* PuzzleTabBarItem.swift in Sources */ = {isa = PBXBuildFile; fileRef = 71773C632B66AB770041605E /* PuzzleTabBarItem.swift */; };
		71814A852B76554500B23378 /* PuzzleNavigationBar.swift in Sources */ = {isa = PBXBuildFile; fileRef = 71814A842B76554500B23378 /* PuzzleNavigationBar.swift */; };
		71814A872B76568B00B23378 /* UIView+.swift in Sources */ = {isa = PBXBuildFile; fileRef = 71814A862B76568B00B23378 /* UIView+.swift */; };
		71814A892B77353900B23378 /* FontLiterals.swift in Sources */ = {isa = PBXBuildFile; fileRef = 71814A882B77353900B23378 /* FontLiterals.swift */; };
		71814AA82B775CEE00B23378 /* Pretendard-Bold.otf in Resources */ = {isa = PBXBuildFile; fileRef = 71814AA72B77599800B23378 /* Pretendard-Bold.otf */; };
		71814AAA2B775CF300B23378 /* Pretendard-Medium.otf in Resources */ = {isa = PBXBuildFile; fileRef = 71814AA42B77599800B23378 /* Pretendard-Medium.otf */; };
		71814AAB2B775CF500B23378 /* Pretendard-Regular.otf in Resources */ = {isa = PBXBuildFile; fileRef = 71814AA52B77599800B23378 /* Pretendard-Regular.otf */; };
		71814AAF2B77776B00B23378 /* PuzzleToastView.swift in Sources */ = {isa = PBXBuildFile; fileRef = 71814AAE2B77776B00B23378 /* PuzzleToastView.swift */; };
		7181500F2B6291D7005E4451 /* AppDelegate.swift in Sources */ = {isa = PBXBuildFile; fileRef = 7181500E2B6291D7005E4451 /* AppDelegate.swift */; };
		718150112B6291D7005E4451 /* SceneDelegate.swift in Sources */ = {isa = PBXBuildFile; fileRef = 718150102B6291D7005E4451 /* SceneDelegate.swift */; };
		718150132B6291D7005E4451 /* ViewController.swift in Sources */ = {isa = PBXBuildFile; fileRef = 718150122B6291D7005E4451 /* ViewController.swift */; };
		718150162B6291D7005E4451 /* Main.storyboard in Resources */ = {isa = PBXBuildFile; fileRef = 718150142B6291D7005E4451 /* Main.storyboard */; };
		718150182B6291D8005E4451 /* Assets.xcassets in Resources */ = {isa = PBXBuildFile; fileRef = 718150172B6291D8005E4451 /* Assets.xcassets */; };
		7181501B2B6291D8005E4451 /* LaunchScreen.storyboard in Resources */ = {isa = PBXBuildFile; fileRef = 718150192B6291D8005E4451 /* LaunchScreen.storyboard */; };
		718150262B6291D8005E4451 /* Puzzle_iOSTests.swift in Sources */ = {isa = PBXBuildFile; fileRef = 718150252B6291D8005E4451 /* Puzzle_iOSTests.swift */; };
		718150302B6291D8005E4451 /* Puzzle_iOSUITests.swift in Sources */ = {isa = PBXBuildFile; fileRef = 7181502F2B6291D8005E4451 /* Puzzle_iOSUITests.swift */; };
		718150322B6291D8005E4451 /* Puzzle_iOSUITestsLaunchTests.swift in Sources */ = {isa = PBXBuildFile; fileRef = 718150312B6291D8005E4451 /* Puzzle_iOSUITestsLaunchTests.swift */; };
		7181504A2B629709005E4451 /* Kingfisher in Frameworks */ = {isa = PBXBuildFile; productRef = 718150492B629709005E4451 /* Kingfisher */; };
		7181504F2B629725005E4451 /* Then in Frameworks */ = {isa = PBXBuildFile; productRef = 7181504E2B629725005E4451 /* Then */; };
		718150522B62E05F005E4451 /* .swiftlint.yml in Resources */ = {isa = PBXBuildFile; fileRef = 718150512B62E05F005E4451 /* .swiftlint.yml */; };
		718D090D2B7A40310021AD40 /* Pretendard-Light.otf in Resources */ = {isa = PBXBuildFile; fileRef = 718D090C2B7A40310021AD40 /* Pretendard-Light.otf */; };
		718D09162B7A947F0021AD40 /* OnboardingViewController.swift in Sources */ = {isa = PBXBuildFile; fileRef = 718D09152B7A947F0021AD40 /* OnboardingViewController.swift */; };
		718D09192B7A94930021AD40 /* OnboardingBaseView.swift in Sources */ = {isa = PBXBuildFile; fileRef = 718D09182B7A94930021AD40 /* OnboardingBaseView.swift */; };
		718D091C2B7A9B090021AD40 /* InputNameViewModel.swift in Sources */ = {isa = PBXBuildFile; fileRef = 718D091B2B7A9B090021AD40 /* InputNameViewModel.swift */; };
		718D091E2B7E23C20021AD40 /* UITextField+.swift in Sources */ = {isa = PBXBuildFile; fileRef = 718D091D2B7E23C20021AD40 /* UITextField+.swift */; };
		718D09202B7E305C0021AD40 /* OnboardingUserIdViewController.swift in Sources */ = {isa = PBXBuildFile; fileRef = 718D091F2B7E305C0021AD40 /* OnboardingUserIdViewController.swift */; };
		718D09222B7E30D10021AD40 /* OnboardingUserNameViewController.swift in Sources */ = {isa = PBXBuildFile; fileRef = 718D09212B7E30D10021AD40 /* OnboardingUserNameViewController.swift */; };
		718D09242B7FCE950021AD40 /* ProgressView.swift in Sources */ = {isa = PBXBuildFile; fileRef = 718D09232B7FCE950021AD40 /* ProgressView.swift */; };
		718D09262B807EF40021AD40 /* UILabel+.swift in Sources */ = {isa = PBXBuildFile; fileRef = 718D09252B807EF40021AD40 /* UILabel+.swift */; };
		718D09282B808A400021AD40 /* OnboardingSelectProfileImageViewController.swift in Sources */ = {isa = PBXBuildFile; fileRef = 718D09272B808A3F0021AD40 /* OnboardingSelectProfileImageViewController.swift */; };
		718D092F2B8091D30021AD40 /* OnboardingCollectionViewCell.swift in Sources */ = {isa = PBXBuildFile; fileRef = 718D092E2B8091D30021AD40 /* OnboardingCollectionViewCell.swift */; };
		718D09312B8093170021AD40 /* AnimalViewModel.swift in Sources */ = {isa = PBXBuildFile; fileRef = 718D09302B8093170021AD40 /* AnimalViewModel.swift */; };
		718D09332B8094A00021AD40 /* getClassName.swift in Sources */ = {isa = PBXBuildFile; fileRef = 718D09322B8094A00021AD40 /* getClassName.swift */; };
		718D09352B80A3BF0021AD40 /* OnboardingCollectionView.swift in Sources */ = {isa = PBXBuildFile; fileRef = 718D09342B80A3BF0021AD40 /* OnboardingCollectionView.swift */; };
		718D09372B80D7CE0021AD40 /* PositionViewModel.swift in Sources */ = {isa = PBXBuildFile; fileRef = 718D09362B80D7CE0021AD40 /* PositionViewModel.swift */; };
		718D093B2B80DC8E0021AD40 /* OnboardingSelectPositionViewController.swift in Sources */ = {isa = PBXBuildFile; fileRef = 718D093A2B80DC8E0021AD40 /* OnboardingSelectPositionViewController.swift */; };
/* End PBXBuildFile section */

/* Begin PBXContainerItemProxy section */
		718150222B6291D8005E4451 /* PBXContainerItemProxy */ = {
			isa = PBXContainerItemProxy;
			containerPortal = 718150032B6291D7005E4451 /* Project object */;
			proxyType = 1;
			remoteGlobalIDString = 7181500A2B6291D7005E4451;
			remoteInfo = "Puzzle-iOS";
		};
		7181502C2B6291D8005E4451 /* PBXContainerItemProxy */ = {
			isa = PBXContainerItemProxy;
			containerPortal = 718150032B6291D7005E4451 /* Project object */;
			proxyType = 1;
			remoteGlobalIDString = 7181500A2B6291D7005E4451;
			remoteInfo = "Puzzle-iOS";
		};
/* End PBXContainerItemProxy section */

/* Begin PBXFileReference section */
		2C1765072B7279A000CD789E /* StringLiterals.swift */ = {isa = PBXFileReference; lastKnownFileType = sourcecode.swift; path = StringLiterals.swift; sourceTree = "<group>"; };
		2C1765092B7283A500CD789E /* UIViewController+.swift */ = {isa = PBXFileReference; lastKnownFileType = sourcecode.swift; path = "UIViewController+.swift"; sourceTree = "<group>"; };
		2C33B1712B763CFB00A9476D /* Config.xcconfig */ = {isa = PBXFileReference; lastKnownFileType = text.xcconfig; path = Config.xcconfig; sourceTree = "<group>"; };
		2C33B1732B76404A00A9476D /* PuzzleMainButton.swift */ = {isa = PBXFileReference; lastKnownFileType = sourcecode.swift; path = PuzzleMainButton.swift; sourceTree = "<group>"; };
		2C33B1772B764A7000A9476D /* OnboardingPlusViewController.swift */ = {isa = PBXFileReference; lastKnownFileType = sourcecode.swift; path = OnboardingPlusViewController.swift; sourceTree = "<group>"; };
		2C33B1792B764A8300A9476D /* OnboardingPlusView.swift */ = {isa = PBXFileReference; lastKnownFileType = sourcecode.swift; path = OnboardingPlusView.swift; sourceTree = "<group>"; };
		2C33B17D2B76537300A9476D /* PuzzleBottomSheetViewController.swift */ = {isa = PBXFileReference; lastKnownFileType = sourcecode.swift; path = PuzzleBottomSheetViewController.swift; sourceTree = "<group>"; };
		2C372A3B2B6B7ABE009B7BF6 /* AuthKakaoService.swift */ = {isa = PBXFileReference; lastKnownFileType = sourcecode.swift; path = AuthKakaoService.swift; sourceTree = "<group>"; };
		2C372A3D2B6B7ACD009B7BF6 /* AuthAppleService.swift */ = {isa = PBXFileReference; lastKnownFileType = sourcecode.swift; path = AuthAppleService.swift; sourceTree = "<group>"; };
		2C372A432B6B8C44009B7BF6 /* AuthDTO.swift */ = {isa = PBXFileReference; lastKnownFileType = sourcecode.swift; path = AuthDTO.swift; sourceTree = "<group>"; };
		2C372A472B6B8D3A009B7BF6 /* UserRepository.swift */ = {isa = PBXFileReference; lastKnownFileType = sourcecode.swift; path = UserRepository.swift; sourceTree = "<group>"; };
		2C5310DE2B6E71FF00704371 /* LoginView.swift */ = {isa = PBXFileReference; lastKnownFileType = sourcecode.swift; path = LoginView.swift; sourceTree = "<group>"; };
		2C5310E22B6E782B00704371 /* LoginCollectionViewCell.swift */ = {isa = PBXFileReference; lastKnownFileType = sourcecode.swift; path = LoginCollectionViewCell.swift; sourceTree = "<group>"; };
		2C5310E42B6E7B8700704371 /* LoginViewController.swift */ = {isa = PBXFileReference; lastKnownFileType = sourcecode.swift; path = LoginViewController.swift; sourceTree = "<group>"; };
		2C5310E72B6E846100704371 /* DummyData.swift */ = {isa = PBXFileReference; lastKnownFileType = sourcecode.swift; path = DummyData.swift; sourceTree = "<group>"; };
		2C5310E92B6E893C00704371 /* LoginViewModel.swift */ = {isa = PBXFileReference; lastKnownFileType = sourcecode.swift; path = LoginViewModel.swift; sourceTree = "<group>"; };
		2C5310EC2B6E8BD200704371 /* ViewModelType.swift */ = {isa = PBXFileReference; lastKnownFileType = sourcecode.swift; path = ViewModelType.swift; sourceTree = "<group>"; };
		2C5310EF2B6E8CA000704371 /* CancelBag+.swift */ = {isa = PBXFileReference; lastKnownFileType = sourcecode.swift; path = "CancelBag+.swift"; sourceTree = "<group>"; };
		2C55EEBF2B711BB5001AD42E /* Config.swift */ = {isa = PBXFileReference; lastKnownFileType = sourcecode.swift; path = Config.swift; sourceTree = "<group>"; };
		7127DA4F2B81C9C000B262DA /* InterestViewModel.swift */ = {isa = PBXFileReference; lastKnownFileType = sourcecode.swift; path = InterestViewModel.swift; sourceTree = "<group>"; };
		7127DA512B81EF6100B262DA /* InterestSelectionCollectionView.swift */ = {isa = PBXFileReference; lastKnownFileType = sourcecode.swift; path = InterestSelectionCollectionView.swift; sourceTree = "<group>"; };
		7127DA532B82071700B262DA /* LeftAlignedFlowLayout.swift */ = {isa = PBXFileReference; lastKnownFileType = sourcecode.swift; path = LeftAlignedFlowLayout.swift; sourceTree = "<group>"; };
		7127DA552B820DA800B262DA /* InterestSelectionViewHeader.swift */ = {isa = PBXFileReference; lastKnownFileType = sourcecode.swift; path = InterestSelectionViewHeader.swift; sourceTree = "<group>"; };
		7127DA582B82435500B262DA /* AreaViewModel.swift */ = {isa = PBXFileReference; lastKnownFileType = sourcecode.swift; path = AreaViewModel.swift; sourceTree = "<group>"; };
		7127DA5B2B8243CB00B262DA /* OnboardingSelectAreaViewController.swift */ = {isa = PBXFileReference; lastKnownFileType = sourcecode.swift; path = OnboardingSelectAreaViewController.swift; sourceTree = "<group>"; };
		7127DA5E2B825E6400B262DA /* Publisher+UIControl.swift */ = {isa = PBXFileReference; lastKnownFileType = sourcecode.swift; path = "Publisher+UIControl.swift"; sourceTree = "<group>"; };
		7127DA602B82601000B262DA /* Publisher+UIGesture.swift */ = {isa = PBXFileReference; lastKnownFileType = sourcecode.swift; path = "Publisher+UIGesture.swift"; sourceTree = "<group>"; };
		7127DA622B832E9800B262DA /* AreaTableView.swift */ = {isa = PBXFileReference; lastKnownFileType = sourcecode.swift; path = AreaTableView.swift; sourceTree = "<group>"; };
		7127DA642B8330C500B262DA /* AreaTableViewCell.swift */ = {isa = PBXFileReference; lastKnownFileType = sourcecode.swift; path = AreaTableViewCell.swift; sourceTree = "<group>"; };
		7127DA672B83941100B262DA /* OnboardingService.swift */ = {isa = PBXFileReference; lastKnownFileType = sourcecode.swift; path = OnboardingService.swift; sourceTree = "<group>"; };
		71355AE92B80E371007E1822 /* OnboardingSelectInterestViewController.swift */ = {isa = PBXFileReference; lastKnownFileType = sourcecode.swift; path = OnboardingSelectInterestViewController.swift; sourceTree = "<group>"; };
		71355AEB2B80ECC1007E1822 /* InterestSelectionViewCell.swift */ = {isa = PBXFileReference; lastKnownFileType = sourcecode.swift; path = InterestSelectionViewCell.swift; sourceTree = "<group>"; };
		71773C5E2B64BEFB0041605E /* PuzzleTabBarController.swift */ = {isa = PBXFileReference; lastKnownFileType = sourcecode.swift; path = PuzzleTabBarController.swift; sourceTree = "<group>"; };
		71773C632B66AB770041605E /* PuzzleTabBarItem.swift */ = {isa = PBXFileReference; lastKnownFileType = sourcecode.swift; path = PuzzleTabBarItem.swift; sourceTree = "<group>"; };
		71814A7F2B74F17100B23378 /* Puzzle-iOS.entitlements */ = {isa = PBXFileReference; lastKnownFileType = text.plist.entitlements; path = "Puzzle-iOS.entitlements"; sourceTree = "<group>"; };
		71814A842B76554500B23378 /* PuzzleNavigationBar.swift */ = {isa = PBXFileReference; lastKnownFileType = sourcecode.swift; path = PuzzleNavigationBar.swift; sourceTree = "<group>"; };
		71814A862B76568B00B23378 /* UIView+.swift */ = {isa = PBXFileReference; lastKnownFileType = sourcecode.swift; path = "UIView+.swift"; sourceTree = "<group>"; };
		71814A882B77353900B23378 /* FontLiterals.swift */ = {isa = PBXFileReference; lastKnownFileType = sourcecode.swift; path = FontLiterals.swift; sourceTree = "<group>"; };
		71814AA42B77599800B23378 /* Pretendard-Medium.otf */ = {isa = PBXFileReference; lastKnownFileType = file; path = "Pretendard-Medium.otf"; sourceTree = "<group>"; };
		71814AA52B77599800B23378 /* Pretendard-Regular.otf */ = {isa = PBXFileReference; lastKnownFileType = file; path = "Pretendard-Regular.otf"; sourceTree = "<group>"; };
		71814AA72B77599800B23378 /* Pretendard-Bold.otf */ = {isa = PBXFileReference; lastKnownFileType = file; path = "Pretendard-Bold.otf"; sourceTree = "<group>"; };
		71814AAE2B77776B00B23378 /* PuzzleToastView.swift */ = {isa = PBXFileReference; lastKnownFileType = sourcecode.swift; path = PuzzleToastView.swift; sourceTree = "<group>"; };
		7181500B2B6291D7005E4451 /* Puzzle-iOS.app */ = {isa = PBXFileReference; explicitFileType = wrapper.application; includeInIndex = 0; path = "Puzzle-iOS.app"; sourceTree = BUILT_PRODUCTS_DIR; };
		7181500E2B6291D7005E4451 /* AppDelegate.swift */ = {isa = PBXFileReference; lastKnownFileType = sourcecode.swift; path = AppDelegate.swift; sourceTree = "<group>"; };
		718150102B6291D7005E4451 /* SceneDelegate.swift */ = {isa = PBXFileReference; lastKnownFileType = sourcecode.swift; path = SceneDelegate.swift; sourceTree = "<group>"; };
		718150122B6291D7005E4451 /* ViewController.swift */ = {isa = PBXFileReference; lastKnownFileType = sourcecode.swift; path = ViewController.swift; sourceTree = "<group>"; };
		718150152B6291D7005E4451 /* Base */ = {isa = PBXFileReference; lastKnownFileType = file.storyboard; name = Base; path = Base.lproj/Main.storyboard; sourceTree = "<group>"; };
		718150172B6291D8005E4451 /* Assets.xcassets */ = {isa = PBXFileReference; lastKnownFileType = folder.assetcatalog; path = Assets.xcassets; sourceTree = "<group>"; };
		7181501A2B6291D8005E4451 /* Base */ = {isa = PBXFileReference; lastKnownFileType = file.storyboard; name = Base; path = Base.lproj/LaunchScreen.storyboard; sourceTree = "<group>"; };
		7181501C2B6291D8005E4451 /* Info.plist */ = {isa = PBXFileReference; lastKnownFileType = text.plist.xml; name = Info.plist; path = "Puzzle-iOS/Application/Info.plist"; sourceTree = SOURCE_ROOT; };
		718150212B6291D8005E4451 /* Puzzle-iOSTests.xctest */ = {isa = PBXFileReference; explicitFileType = wrapper.cfbundle; includeInIndex = 0; path = "Puzzle-iOSTests.xctest"; sourceTree = BUILT_PRODUCTS_DIR; };
		718150252B6291D8005E4451 /* Puzzle_iOSTests.swift */ = {isa = PBXFileReference; lastKnownFileType = sourcecode.swift; path = Puzzle_iOSTests.swift; sourceTree = "<group>"; };
		7181502B2B6291D8005E4451 /* Puzzle-iOSUITests.xctest */ = {isa = PBXFileReference; explicitFileType = wrapper.cfbundle; includeInIndex = 0; path = "Puzzle-iOSUITests.xctest"; sourceTree = BUILT_PRODUCTS_DIR; };
		7181502F2B6291D8005E4451 /* Puzzle_iOSUITests.swift */ = {isa = PBXFileReference; lastKnownFileType = sourcecode.swift; path = Puzzle_iOSUITests.swift; sourceTree = "<group>"; };
		718150312B6291D8005E4451 /* Puzzle_iOSUITestsLaunchTests.swift */ = {isa = PBXFileReference; lastKnownFileType = sourcecode.swift; path = Puzzle_iOSUITestsLaunchTests.swift; sourceTree = "<group>"; };
		718150512B62E05F005E4451 /* .swiftlint.yml */ = {isa = PBXFileReference; lastKnownFileType = text.yaml; path = .swiftlint.yml; sourceTree = "<group>"; };
		718D090C2B7A40310021AD40 /* Pretendard-Light.otf */ = {isa = PBXFileReference; lastKnownFileType = file; path = "Pretendard-Light.otf"; sourceTree = "<group>"; };
		718D09152B7A947F0021AD40 /* OnboardingViewController.swift */ = {isa = PBXFileReference; lastKnownFileType = sourcecode.swift; path = OnboardingViewController.swift; sourceTree = "<group>"; };
		718D09182B7A94930021AD40 /* OnboardingBaseView.swift */ = {isa = PBXFileReference; lastKnownFileType = sourcecode.swift; path = OnboardingBaseView.swift; sourceTree = "<group>"; };
		718D091B2B7A9B090021AD40 /* InputNameViewModel.swift */ = {isa = PBXFileReference; lastKnownFileType = sourcecode.swift; path = InputNameViewModel.swift; sourceTree = "<group>"; };
		718D091D2B7E23C20021AD40 /* UITextField+.swift */ = {isa = PBXFileReference; lastKnownFileType = sourcecode.swift; path = "UITextField+.swift"; sourceTree = "<group>"; };
		718D091F2B7E305C0021AD40 /* OnboardingUserIdViewController.swift */ = {isa = PBXFileReference; lastKnownFileType = sourcecode.swift; path = OnboardingUserIdViewController.swift; sourceTree = "<group>"; };
		718D09212B7E30D10021AD40 /* OnboardingUserNameViewController.swift */ = {isa = PBXFileReference; lastKnownFileType = sourcecode.swift; path = OnboardingUserNameViewController.swift; sourceTree = "<group>"; };
		718D09232B7FCE950021AD40 /* ProgressView.swift */ = {isa = PBXFileReference; lastKnownFileType = sourcecode.swift; path = ProgressView.swift; sourceTree = "<group>"; };
		718D09252B807EF40021AD40 /* UILabel+.swift */ = {isa = PBXFileReference; lastKnownFileType = sourcecode.swift; path = "UILabel+.swift"; sourceTree = "<group>"; };
		718D09272B808A3F0021AD40 /* OnboardingSelectProfileImageViewController.swift */ = {isa = PBXFileReference; lastKnownFileType = sourcecode.swift; path = OnboardingSelectProfileImageViewController.swift; sourceTree = "<group>"; };
		718D092E2B8091D30021AD40 /* OnboardingCollectionViewCell.swift */ = {isa = PBXFileReference; lastKnownFileType = sourcecode.swift; path = OnboardingCollectionViewCell.swift; sourceTree = "<group>"; };
		718D09302B8093170021AD40 /* AnimalViewModel.swift */ = {isa = PBXFileReference; lastKnownFileType = sourcecode.swift; path = AnimalViewModel.swift; sourceTree = "<group>"; };
		718D09322B8094A00021AD40 /* getClassName.swift */ = {isa = PBXFileReference; lastKnownFileType = sourcecode.swift; path = getClassName.swift; sourceTree = "<group>"; };
		718D09342B80A3BF0021AD40 /* OnboardingCollectionView.swift */ = {isa = PBXFileReference; lastKnownFileType = sourcecode.swift; path = OnboardingCollectionView.swift; sourceTree = "<group>"; };
		718D09362B80D7CE0021AD40 /* PositionViewModel.swift */ = {isa = PBXFileReference; lastKnownFileType = sourcecode.swift; path = PositionViewModel.swift; sourceTree = "<group>"; };
		718D093A2B80DC8E0021AD40 /* OnboardingSelectPositionViewController.swift */ = {isa = PBXFileReference; lastKnownFileType = sourcecode.swift; path = OnboardingSelectPositionViewController.swift; sourceTree = "<group>"; };
/* End PBXFileReference section */

/* Begin PBXFrameworksBuildPhase section */
		718150082B6291D7005E4451 /* Frameworks */ = {
			isa = PBXFrameworksBuildPhase;
			buildActionMask = 2147483647;
			files = (
				2C5310DA2B6E6FB700704371 /* SnapKit in Frameworks */,
				2C1765002B71FB1D00CD789E /* KakaoSDKCommon in Frameworks */,
				2C55EEB92B711ACA001AD42E /* KakaoSDK in Frameworks */,
				2C55EEBD2B711ACA001AD42E /* KakaoSDKUser in Frameworks */,
				7181504A2B629709005E4451 /* Kingfisher in Frameworks */,
				7181504F2B629725005E4451 /* Then in Frameworks */,
				2C55EEBB2B711ACA001AD42E /* KakaoSDKAuth in Frameworks */,
			);
			runOnlyForDeploymentPostprocessing = 0;
		};
		7181501E2B6291D8005E4451 /* Frameworks */ = {
			isa = PBXFrameworksBuildPhase;
			buildActionMask = 2147483647;
			files = (
			);
			runOnlyForDeploymentPostprocessing = 0;
		};
		718150282B6291D8005E4451 /* Frameworks */ = {
			isa = PBXFrameworksBuildPhase;
			buildActionMask = 2147483647;
			files = (
			);
			runOnlyForDeploymentPostprocessing = 0;
		};
/* End PBXFrameworksBuildPhase section */

/* Begin PBXGroup section */
		2C1765062B72799400CD789E /* Literals */ = {
			isa = PBXGroup;
			children = (
				2C1765072B7279A000CD789E /* StringLiterals.swift */,
				71814A882B77353900B23378 /* FontLiterals.swift */,
			);
			path = Literals;
			sourceTree = "<group>";
		};
		2C33B1762B764A2400A9476D /* OnboardingPlus */ = {
			isa = PBXGroup;
			children = (
				2C33B17C2B764A9800A9476D /* View */,
				2C33B17B2B764A8700A9476D /* ViewController */,
			);
			path = OnboardingPlus;
			sourceTree = "<group>";
		};
		2C33B17B2B764A8700A9476D /* ViewController */ = {
			isa = PBXGroup;
			children = (
				2C33B1772B764A7000A9476D /* OnboardingPlusViewController.swift */,
			);
			path = ViewController;
			sourceTree = "<group>";
		};
		2C33B17C2B764A9800A9476D /* View */ = {
			isa = PBXGroup;
			children = (
				2C33B1792B764A8300A9476D /* OnboardingPlusView.swift */,
			);
			path = View;
			sourceTree = "<group>";
		};
		2C372A3A2B6B7A60009B7BF6 /* AuthService */ = {
			isa = PBXGroup;
			children = (
				2C372A3B2B6B7ABE009B7BF6 /* AuthKakaoService.swift */,
				2C372A3D2B6B7ACD009B7BF6 /* AuthAppleService.swift */,
			);
			path = AuthService;
			sourceTree = "<group>";
		};
		2C372A412B6B8C29009B7BF6 /* Service */ = {
			isa = PBXGroup;
			children = (
				2C372A3A2B6B7A60009B7BF6 /* AuthService */,
			);
			path = Service;
			sourceTree = "<group>";
		};
		2C372A422B6B8C37009B7BF6 /* DTO */ = {
			isa = PBXGroup;
			children = (
				2C372A432B6B8C44009B7BF6 /* AuthDTO.swift */,
			);
			path = DTO;
			sourceTree = "<group>";
		};
		2C372A452B6B8CE9009B7BF6 /* Data */ = {
			isa = PBXGroup;
			children = (
				2C372A462B6B8CFC009B7BF6 /* Repository */,
				2C5310E72B6E846100704371 /* DummyData.swift */,
			);
			path = Data;
			sourceTree = "<group>";
		};
		2C372A462B6B8CFC009B7BF6 /* Repository */ = {
			isa = PBXGroup;
			children = (
				2C372A472B6B8D3A009B7BF6 /* UserRepository.swift */,
			);
			path = Repository;
			sourceTree = "<group>";
		};
		2C5310D72B6E6BF000704371 /* Fonts */ = {
			isa = PBXGroup;
			children = (
				71814AA72B77599800B23378 /* Pretendard-Bold.otf */,
				71814AA42B77599800B23378 /* Pretendard-Medium.otf */,
				71814AA52B77599800B23378 /* Pretendard-Regular.otf */,
				718D090C2B7A40310021AD40 /* Pretendard-Light.otf */,
			);
			path = Fonts;
			sourceTree = "<group>";
		};
		2C5310DD2B6E71F200704371 /* Login */ = {
			isa = PBXGroup;
			children = (
				2C59ADD32B6F861500F5A573 /* ViewModel */,
				2C59ADD22B6F861200F5A573 /* Cell */,
				2C59ADD12B6F860D00F5A573 /* ViewController */,
				2C59ADD02B6F860500F5A573 /* View */,
			);
			path = Login;
			sourceTree = "<group>";
		};
		2C5310EB2B6E8BC600704371 /* Protocol */ = {
			isa = PBXGroup;
			children = (
				2C5310EC2B6E8BD200704371 /* ViewModelType.swift */,
			);
			path = Protocol;
			sourceTree = "<group>";
		};
		2C5310EE2B6E8C8F00704371 /* Extension */ = {
			isa = PBXGroup;
			children = (
				7127DA5D2B825E3F00B262DA /* Combine+UIKit */,
				2C5310EF2B6E8CA000704371 /* CancelBag+.swift */,
				2C1765092B7283A500CD789E /* UIViewController+.swift */,
				71814A862B76568B00B23378 /* UIView+.swift */,
				718D091D2B7E23C20021AD40 /* UITextField+.swift */,
				718D09252B807EF40021AD40 /* UILabel+.swift */,
				718D09322B8094A00021AD40 /* getClassName.swift */,
			);
			path = Extension;
			sourceTree = "<group>";
		};
		2C55EEC12B71203B001AD42E /* Config */ = {
			isa = PBXGroup;
			children = (
				2C55EEBF2B711BB5001AD42E /* Config.swift */,
				2C33B1712B763CFB00A9476D /* Config.xcconfig */,
			);
			path = Config;
			sourceTree = "<group>";
		};
		2C59ADD02B6F860500F5A573 /* View */ = {
			isa = PBXGroup;
			children = (
				2C5310DE2B6E71FF00704371 /* LoginView.swift */,
			);
			path = View;
			sourceTree = "<group>";
		};
		2C59ADD12B6F860D00F5A573 /* ViewController */ = {
			isa = PBXGroup;
			children = (
				2C5310E42B6E7B8700704371 /* LoginViewController.swift */,
			);
			path = ViewController;
			sourceTree = "<group>";
		};
		2C59ADD22B6F861200F5A573 /* Cell */ = {
			isa = PBXGroup;
			children = (
				2C5310E22B6E782B00704371 /* LoginCollectionViewCell.swift */,
			);
			path = Cell;
			sourceTree = "<group>";
		};
		2C59ADD32B6F861500F5A573 /* ViewModel */ = {
			isa = PBXGroup;
			children = (
				2C5310E92B6E893C00704371 /* LoginViewModel.swift */,
			);
			path = ViewModel;
			sourceTree = "<group>";
		};
		7127DA572B820DAE00B262DA /* Header */ = {
			isa = PBXGroup;
			children = (
				7127DA552B820DA800B262DA /* InterestSelectionViewHeader.swift */,
			);
			path = Header;
			sourceTree = "<group>";
		};
		7127DA5D2B825E3F00B262DA /* Combine+UIKit */ = {
			isa = PBXGroup;
			children = (
				7127DA5E2B825E6400B262DA /* Publisher+UIControl.swift */,
				7127DA602B82601000B262DA /* Publisher+UIGesture.swift */,
			);
			path = "Combine+UIKit";
			sourceTree = "<group>";
		};
		7127DA662B8393FB00B262DA /* Service */ = {
			isa = PBXGroup;
			children = (
				7127DA672B83941100B262DA /* OnboardingService.swift */,
			);
			path = Service;
			sourceTree = "<group>";
		};
		71773C5D2B64BD040041605E /* TabBar */ = {
			isa = PBXGroup;
			children = (
				71773C5E2B64BEFB0041605E /* PuzzleTabBarController.swift */,
				71773C632B66AB770041605E /* PuzzleTabBarItem.swift */,
			);
			path = TabBar;
			sourceTree = "<group>";
		};
		71814A832B76546700B23378 /* UIComponents */ = {
			isa = PBXGroup;
			children = (
				2C33B1732B76404A00A9476D /* PuzzleMainButton.swift */,
				71814A842B76554500B23378 /* PuzzleNavigationBar.swift */,
				2C33B17D2B76537300A9476D /* PuzzleBottomSheetViewController.swift */,
			);
			path = UIComponents;
			sourceTree = "<group>";
		};
		71814AAD2B77773A00B23378 /* Utils */ = {
			isa = PBXGroup;
			children = (
				71814AAE2B77776B00B23378 /* PuzzleToastView.swift */,
				7127DA532B82071700B262DA /* LeftAlignedFlowLayout.swift */,
			);
			path = Utils;
			sourceTree = "<group>";
		};
		718150022B6291D7005E4451 = {
			isa = PBXGroup;
			children = (
				718150512B62E05F005E4451 /* .swiftlint.yml */,
				7181500D2B6291D7005E4451 /* Puzzle-iOS */,
				718150242B6291D8005E4451 /* Puzzle-iOSTests */,
				7181502E2B6291D8005E4451 /* Puzzle-iOSUITests */,
				7181500C2B6291D7005E4451 /* Products */,
			);
			sourceTree = "<group>";
		};
		7181500C2B6291D7005E4451 /* Products */ = {
			isa = PBXGroup;
			children = (
				7181500B2B6291D7005E4451 /* Puzzle-iOS.app */,
				718150212B6291D8005E4451 /* Puzzle-iOSTests.xctest */,
				7181502B2B6291D8005E4451 /* Puzzle-iOSUITests.xctest */,
			);
			name = Products;
			sourceTree = "<group>";
		};
		7181500D2B6291D7005E4451 /* Puzzle-iOS */ = {
			isa = PBXGroup;
			children = (
				71814A7F2B74F17100B23378 /* Puzzle-iOS.entitlements */,
				7181503E2B6294B9005E4451 /* Application */,
				7181503F2B6294C8005E4451 /* Resource */,
				2C372A452B6B8CE9009B7BF6 /* Data */,
				718150452B629536005E4451 /* Network */,
				718150462B62953F005E4451 /* Presentation */,
			);
			path = "Puzzle-iOS";
			sourceTree = "<group>";
		};
		718150242B6291D8005E4451 /* Puzzle-iOSTests */ = {
			isa = PBXGroup;
			children = (
				718150252B6291D8005E4451 /* Puzzle_iOSTests.swift */,
			);
			path = "Puzzle-iOSTests";
			sourceTree = "<group>";
		};
		7181502E2B6291D8005E4451 /* Puzzle-iOSUITests */ = {
			isa = PBXGroup;
			children = (
				7181502F2B6291D8005E4451 /* Puzzle_iOSUITests.swift */,
				718150312B6291D8005E4451 /* Puzzle_iOSUITestsLaunchTests.swift */,
			);
			path = "Puzzle-iOSUITests";
			sourceTree = "<group>";
		};
		7181503E2B6294B9005E4451 /* Application */ = {
			isa = PBXGroup;
			children = (
				7181500E2B6291D7005E4451 /* AppDelegate.swift */,
				718150102B6291D7005E4451 /* SceneDelegate.swift */,
				718150142B6291D7005E4451 /* Main.storyboard */,
				718150192B6291D8005E4451 /* LaunchScreen.storyboard */,
				7181501C2B6291D8005E4451 /* Info.plist */,
			);
			path = Application;
			sourceTree = "<group>";
		};
		7181503F2B6294C8005E4451 /* Resource */ = {
			isa = PBXGroup;
			children = (
				71814A832B76546700B23378 /* UIComponents */,
				2C1765062B72799400CD789E /* Literals */,
				2C55EEC12B71203B001AD42E /* Config */,
				2C5310EE2B6E8C8F00704371 /* Extension */,
				71814AAD2B77773A00B23378 /* Utils */,
				2C5310D72B6E6BF000704371 /* Fonts */,
				718150172B6291D8005E4451 /* Assets.xcassets */,
			);
			path = Resource;
			sourceTree = "<group>";
		};
		718150452B629536005E4451 /* Network */ = {
			isa = PBXGroup;
			children = (
				2C372A422B6B8C37009B7BF6 /* DTO */,
				2C372A412B6B8C29009B7BF6 /* Service */,
			);
			path = Network;
			sourceTree = "<group>";
		};
		718150462B62953F005E4451 /* Presentation */ = {
			isa = PBXGroup;
			children = (
				718D09102B7A94060021AD40 /* Onboarding */,
				2C33B1762B764A2400A9476D /* OnboardingPlus */,
				2C5310EB2B6E8BC600704371 /* Protocol */,
				2C5310DD2B6E71F200704371 /* Login */,
				71773C5D2B64BD040041605E /* TabBar */,
				718150122B6291D7005E4451 /* ViewController.swift */,
			);
			path = Presentation;
			sourceTree = "<group>";
		};
		718D09102B7A94060021AD40 /* Onboarding */ = {
			isa = PBXGroup;
			children = (
				7127DA662B8393FB00B262DA /* Service */,
				718D091A2B7A9AF90021AD40 /* ViewModel */,
				718D09142B7A94660021AD40 /* ViewController */,
				718D09132B7A94580021AD40 /* View */,
				718D092D2B8091AB0021AD40 /* Cell */,
			);
			path = Onboarding;
			sourceTree = "<group>";
		};
		718D09132B7A94580021AD40 /* View */ = {
			isa = PBXGroup;
			children = (
				718D09182B7A94930021AD40 /* OnboardingBaseView.swift */,
				718D09232B7FCE950021AD40 /* ProgressView.swift */,
				718D09342B80A3BF0021AD40 /* OnboardingCollectionView.swift */,
				7127DA512B81EF6100B262DA /* InterestSelectionCollectionView.swift */,
				7127DA622B832E9800B262DA /* AreaTableView.swift */,
				7127DA572B820DAE00B262DA /* Header */,
			);
			path = View;
			sourceTree = "<group>";
		};
		718D09142B7A94660021AD40 /* ViewController */ = {
			isa = PBXGroup;
			children = (
				718D09152B7A947F0021AD40 /* OnboardingViewController.swift */,
				718D09212B7E30D10021AD40 /* OnboardingUserNameViewController.swift */,
				718D091F2B7E305C0021AD40 /* OnboardingUserIdViewController.swift */,
				718D09272B808A3F0021AD40 /* OnboardingSelectProfileImageViewController.swift */,
				718D093A2B80DC8E0021AD40 /* OnboardingSelectPositionViewController.swift */,
				71355AE92B80E371007E1822 /* OnboardingSelectInterestViewController.swift */,
				7127DA5B2B8243CB00B262DA /* OnboardingSelectAreaViewController.swift */,
			);
			path = ViewController;
			sourceTree = "<group>";
		};
		718D091A2B7A9AF90021AD40 /* ViewModel */ = {
			isa = PBXGroup;
			children = (
				718D091B2B7A9B090021AD40 /* InputNameViewModel.swift */,
				718D09302B8093170021AD40 /* AnimalViewModel.swift */,
				718D09362B80D7CE0021AD40 /* PositionViewModel.swift */,
				7127DA4F2B81C9C000B262DA /* InterestViewModel.swift */,
				7127DA582B82435500B262DA /* AreaViewModel.swift */,
			);
			path = ViewModel;
			sourceTree = "<group>";
		};
		718D092D2B8091AB0021AD40 /* Cell */ = {
			isa = PBXGroup;
			children = (
				718D092E2B8091D30021AD40 /* OnboardingCollectionViewCell.swift */,
				71355AEB2B80ECC1007E1822 /* InterestSelectionViewCell.swift */,
				7127DA642B8330C500B262DA /* AreaTableViewCell.swift */,
			);
			path = Cell;
			sourceTree = "<group>";
		};
/* End PBXGroup section */

/* Begin PBXNativeTarget section */
		7181500A2B6291D7005E4451 /* Puzzle-iOS */ = {
			isa = PBXNativeTarget;
			buildConfigurationList = 718150352B6291D8005E4451 /* Build configuration list for PBXNativeTarget "Puzzle-iOS" */;
			buildPhases = (
				718150502B62DEBD005E4451 /* SwiftLint Script */,
				718150072B6291D7005E4451 /* Sources */,
				718150082B6291D7005E4451 /* Frameworks */,
				718150092B6291D7005E4451 /* Resources */,
			);
			buildRules = (
			);
			dependencies = (
			);
			name = "Puzzle-iOS";
			packageProductDependencies = (
				718150492B629709005E4451 /* Kingfisher */,
				7181504E2B629725005E4451 /* Then */,
				2C5310D92B6E6FB700704371 /* SnapKit */,
				2C55EEB82B711ACA001AD42E /* KakaoSDK */,
				2C55EEBA2B711ACA001AD42E /* KakaoSDKAuth */,
				2C55EEBC2B711ACA001AD42E /* KakaoSDKUser */,
				2C1764FF2B71FB1D00CD789E /* KakaoSDKCommon */,
			);
			productName = "Puzzle-iOS";
			productReference = 7181500B2B6291D7005E4451 /* Puzzle-iOS.app */;
			productType = "com.apple.product-type.application";
		};
		718150202B6291D8005E4451 /* Puzzle-iOSTests */ = {
			isa = PBXNativeTarget;
			buildConfigurationList = 718150382B6291D8005E4451 /* Build configuration list for PBXNativeTarget "Puzzle-iOSTests" */;
			buildPhases = (
				7181501D2B6291D8005E4451 /* Sources */,
				7181501E2B6291D8005E4451 /* Frameworks */,
				7181501F2B6291D8005E4451 /* Resources */,
			);
			buildRules = (
			);
			dependencies = (
				718150232B6291D8005E4451 /* PBXTargetDependency */,
			);
			name = "Puzzle-iOSTests";
			productName = "Puzzle-iOSTests";
			productReference = 718150212B6291D8005E4451 /* Puzzle-iOSTests.xctest */;
			productType = "com.apple.product-type.bundle.unit-test";
		};
		7181502A2B6291D8005E4451 /* Puzzle-iOSUITests */ = {
			isa = PBXNativeTarget;
			buildConfigurationList = 7181503B2B6291D8005E4451 /* Build configuration list for PBXNativeTarget "Puzzle-iOSUITests" */;
			buildPhases = (
				718150272B6291D8005E4451 /* Sources */,
				718150282B6291D8005E4451 /* Frameworks */,
				718150292B6291D8005E4451 /* Resources */,
			);
			buildRules = (
			);
			dependencies = (
				7181502D2B6291D8005E4451 /* PBXTargetDependency */,
			);
			name = "Puzzle-iOSUITests";
			productName = "Puzzle-iOSUITests";
			productReference = 7181502B2B6291D8005E4451 /* Puzzle-iOSUITests.xctest */;
			productType = "com.apple.product-type.bundle.ui-testing";
		};
/* End PBXNativeTarget section */

/* Begin PBXProject section */
		718150032B6291D7005E4451 /* Project object */ = {
			isa = PBXProject;
			attributes = {
				BuildIndependentTargetsInParallel = 1;
				LastSwiftUpdateCheck = 1500;
				LastUpgradeCheck = 1500;
				TargetAttributes = {
					7181500A2B6291D7005E4451 = {
						CreatedOnToolsVersion = 15.0;
					};
					718150202B6291D8005E4451 = {
						CreatedOnToolsVersion = 15.0;
						TestTargetID = 7181500A2B6291D7005E4451;
					};
					7181502A2B6291D8005E4451 = {
						CreatedOnToolsVersion = 15.0;
						TestTargetID = 7181500A2B6291D7005E4451;
					};
				};
			};
			buildConfigurationList = 718150062B6291D7005E4451 /* Build configuration list for PBXProject "Puzzle-iOS" */;
			compatibilityVersion = "Xcode 14.0";
			developmentRegion = en;
			hasScannedForEncodings = 0;
			knownRegions = (
				en,
				Base,
			);
			mainGroup = 718150022B6291D7005E4451;
			packageReferences = (
				718150482B629709005E4451 /* XCRemoteSwiftPackageReference "Kingfisher" */,
				7181504D2B629725005E4451 /* XCRemoteSwiftPackageReference "Then" */,
				2C5310D82B6E6FB700704371 /* XCRemoteSwiftPackageReference "SnapKit" */,
				2C55EEB72B711ACA001AD42E /* XCRemoteSwiftPackageReference "kakao-ios-sdk" */,
				7127DA6C2B85F91E00B262DA /* XCRemoteSwiftPackageReference "SwiftLint" */,
			);
			productRefGroup = 7181500C2B6291D7005E4451 /* Products */;
			projectDirPath = "";
			projectRoot = "";
			targets = (
				7181500A2B6291D7005E4451 /* Puzzle-iOS */,
				718150202B6291D8005E4451 /* Puzzle-iOSTests */,
				7181502A2B6291D8005E4451 /* Puzzle-iOSUITests */,
			);
		};
/* End PBXProject section */

/* Begin PBXResourcesBuildPhase section */
		718150092B6291D7005E4451 /* Resources */ = {
			isa = PBXResourcesBuildPhase;
			buildActionMask = 2147483647;
			files = (
				71814AAA2B775CF300B23378 /* Pretendard-Medium.otf in Resources */,
				718D090D2B7A40310021AD40 /* Pretendard-Light.otf in Resources */,
				718150522B62E05F005E4451 /* .swiftlint.yml in Resources */,
				71814AA82B775CEE00B23378 /* Pretendard-Bold.otf in Resources */,
				7181501B2B6291D8005E4451 /* LaunchScreen.storyboard in Resources */,
				71814AAB2B775CF500B23378 /* Pretendard-Regular.otf in Resources */,
				718150182B6291D8005E4451 /* Assets.xcassets in Resources */,
				718150162B6291D7005E4451 /* Main.storyboard in Resources */,
			);
			runOnlyForDeploymentPostprocessing = 0;
		};
		7181501F2B6291D8005E4451 /* Resources */ = {
			isa = PBXResourcesBuildPhase;
			buildActionMask = 2147483647;
			files = (
			);
			runOnlyForDeploymentPostprocessing = 0;
		};
		718150292B6291D8005E4451 /* Resources */ = {
			isa = PBXResourcesBuildPhase;
			buildActionMask = 2147483647;
			files = (
			);
			runOnlyForDeploymentPostprocessing = 0;
		};
/* End PBXResourcesBuildPhase section */

/* Begin PBXShellScriptBuildPhase section */
		718150502B62DEBD005E4451 /* SwiftLint Script */ = {
			isa = PBXShellScriptBuildPhase;
			alwaysOutOfDate = 1;
			buildActionMask = 2147483647;
			files = (
			);
			inputFileListPaths = (
			);
			inputPaths = (
			);
			name = "SwiftLint Script";
			outputFileListPaths = (
			);
			outputPaths = (
			);
			runOnlyForDeploymentPostprocessing = 0;
			shellPath = /bin/sh;
			shellScript = "# Type a script or drag a script file from your workspace to insert its path.\nexport PATH=\"$PATH:/opt/homebrew/bin\"\nif which swiftlint > /dev/null; then\n  swiftlint\nelse\n  echo \"warning: SwiftLint not installed, download from https://github.com/realm/SwiftLint\"\nfi\n";
		};
/* End PBXShellScriptBuildPhase section */

/* Begin PBXSourcesBuildPhase section */
		718150072B6291D7005E4451 /* Sources */ = {
			isa = PBXSourcesBuildPhase;
			buildActionMask = 2147483647;
			files = (
				718D09352B80A3BF0021AD40 /* OnboardingCollectionView.swift in Sources */,
				718D09192B7A94930021AD40 /* OnboardingBaseView.swift in Sources */,
				71814A892B77353900B23378 /* FontLiterals.swift in Sources */,
				2C33B17A2B764A8300A9476D /* OnboardingPlusView.swift in Sources */,
				71814AAF2B77776B00B23378 /* PuzzleToastView.swift in Sources */,
				2C372A3C2B6B7ABE009B7BF6 /* AuthKakaoService.swift in Sources */,
				2C372A442B6B8C44009B7BF6 /* AuthDTO.swift in Sources */,
				2C5310E32B6E782B00704371 /* LoginCollectionViewCell.swift in Sources */,
				2C372A482B6B8D3A009B7BF6 /* UserRepository.swift in Sources */,
				718D09282B808A400021AD40 /* OnboardingSelectProfileImageViewController.swift in Sources */,
				7127DA502B81C9C000B262DA /* InterestViewModel.swift in Sources */,
				2C372A3E2B6B7ACD009B7BF6 /* AuthAppleService.swift in Sources */,
				718D09332B8094A00021AD40 /* getClassName.swift in Sources */,
				2C17650A2B7283A500CD789E /* UIViewController+.swift in Sources */,
				2C1765082B7279A000CD789E /* StringLiterals.swift in Sources */,
				718150132B6291D7005E4451 /* ViewController.swift in Sources */,
				7127DA542B82071700B262DA /* LeftAlignedFlowLayout.swift in Sources */,
				718D09162B7A947F0021AD40 /* OnboardingViewController.swift in Sources */,
				7127DA522B81EF6100B262DA /* InterestSelectionCollectionView.swift in Sources */,
				71773C5F2B64BEFB0041605E /* PuzzleTabBarController.swift in Sources */,
				7127DA682B83941100B262DA /* OnboardingService.swift in Sources */,
				2C5310F02B6E8CA000704371 /* CancelBag+.swift in Sources */,
				718D091E2B7E23C20021AD40 /* UITextField+.swift in Sources */,
				71355AEA2B80E371007E1822 /* OnboardingSelectInterestViewController.swift in Sources */,
				7181500F2B6291D7005E4451 /* AppDelegate.swift in Sources */,
				718D093B2B80DC8E0021AD40 /* OnboardingSelectPositionViewController.swift in Sources */,
				718D09312B8093170021AD40 /* AnimalViewModel.swift in Sources */,
				71814A852B76554500B23378 /* PuzzleNavigationBar.swift in Sources */,
				7127DA632B832E9800B262DA /* AreaTableView.swift in Sources */,
				2C5310EA2B6E893C00704371 /* LoginViewModel.swift in Sources */,
				7127DA562B820DA800B262DA /* InterestSelectionViewHeader.swift in Sources */,
				71773C642B66AB770041605E /* PuzzleTabBarItem.swift in Sources */,
				7127DA5F2B825E6400B262DA /* Publisher+UIControl.swift in Sources */,
				718D09202B7E305C0021AD40 /* OnboardingUserIdViewController.swift in Sources */,
				2C55EEC02B711BB5001AD42E /* Config.swift in Sources */,
				2C33B1782B764A7000A9476D /* OnboardingPlusViewController.swift in Sources */,
				718D09242B7FCE950021AD40 /* ProgressView.swift in Sources */,
				2C33B1742B76404A00A9476D /* PuzzleMainButton.swift in Sources */,
				2C5310E82B6E846100704371 /* DummyData.swift in Sources */,
				7127DA5C2B8243CB00B262DA /* OnboardingSelectAreaViewController.swift in Sources */,
				2C5310ED2B6E8BD200704371 /* ViewModelType.swift in Sources */,
				718150112B6291D7005E4451 /* SceneDelegate.swift in Sources */,
				718D09222B7E30D10021AD40 /* OnboardingUserNameViewController.swift in Sources */,
				718D091C2B7A9B090021AD40 /* InputNameViewModel.swift in Sources */,
				7127DA612B82601000B262DA /* Publisher+UIGesture.swift in Sources */,
				2C5310E52B6E7B8700704371 /* LoginViewController.swift in Sources */,
				718D09372B80D7CE0021AD40 /* PositionViewModel.swift in Sources */,
				7127DA652B8330C500B262DA /* AreaTableViewCell.swift in Sources */,
				2C5310DF2B6E71FF00704371 /* LoginView.swift in Sources */,
				718D09262B807EF40021AD40 /* UILabel+.swift in Sources */,
				718D092F2B8091D30021AD40 /* OnboardingCollectionViewCell.swift in Sources */,
				71355AEC2B80ECC1007E1822 /* InterestSelectionViewCell.swift in Sources */,
				71814A872B76568B00B23378 /* UIView+.swift in Sources */,
				7127DA592B82435500B262DA /* AreaViewModel.swift in Sources */,
				2C33B17E2B76537300A9476D /* PuzzleBottomSheetViewController.swift in Sources */,
			);
			runOnlyForDeploymentPostprocessing = 0;
		};
		7181501D2B6291D8005E4451 /* Sources */ = {
			isa = PBXSourcesBuildPhase;
			buildActionMask = 2147483647;
			files = (
				718150262B6291D8005E4451 /* Puzzle_iOSTests.swift in Sources */,
			);
			runOnlyForDeploymentPostprocessing = 0;
		};
		718150272B6291D8005E4451 /* Sources */ = {
			isa = PBXSourcesBuildPhase;
			buildActionMask = 2147483647;
			files = (
				718150322B6291D8005E4451 /* Puzzle_iOSUITestsLaunchTests.swift in Sources */,
				718150302B6291D8005E4451 /* Puzzle_iOSUITests.swift in Sources */,
			);
			runOnlyForDeploymentPostprocessing = 0;
		};
/* End PBXSourcesBuildPhase section */

/* Begin PBXTargetDependency section */
		718150232B6291D8005E4451 /* PBXTargetDependency */ = {
			isa = PBXTargetDependency;
			target = 7181500A2B6291D7005E4451 /* Puzzle-iOS */;
			targetProxy = 718150222B6291D8005E4451 /* PBXContainerItemProxy */;
		};
		7181502D2B6291D8005E4451 /* PBXTargetDependency */ = {
			isa = PBXTargetDependency;
			target = 7181500A2B6291D7005E4451 /* Puzzle-iOS */;
			targetProxy = 7181502C2B6291D8005E4451 /* PBXContainerItemProxy */;
		};
/* End PBXTargetDependency section */

/* Begin PBXVariantGroup section */
		718150142B6291D7005E4451 /* Main.storyboard */ = {
			isa = PBXVariantGroup;
			children = (
				718150152B6291D7005E4451 /* Base */,
			);
			name = Main.storyboard;
			sourceTree = "<group>";
		};
		718150192B6291D8005E4451 /* LaunchScreen.storyboard */ = {
			isa = PBXVariantGroup;
			children = (
				7181501A2B6291D8005E4451 /* Base */,
			);
			name = LaunchScreen.storyboard;
			sourceTree = "<group>";
		};
/* End PBXVariantGroup section */

/* Begin XCBuildConfiguration section */
		718150332B6291D8005E4451 /* Debug */ = {
			isa = XCBuildConfiguration;
			baseConfigurationReference = 2C33B1712B763CFB00A9476D /* Config.xcconfig */;
			buildSettings = {
				ALWAYS_SEARCH_USER_PATHS = NO;
				ASSETCATALOG_COMPILER_GENERATE_SWIFT_ASSET_SYMBOL_EXTENSIONS = YES;
				CLANG_ANALYZER_NONNULL = YES;
				CLANG_ANALYZER_NUMBER_OBJECT_CONVERSION = YES_AGGRESSIVE;
				CLANG_CXX_LANGUAGE_STANDARD = "gnu++20";
				CLANG_ENABLE_MODULES = YES;
				CLANG_ENABLE_OBJC_ARC = YES;
				CLANG_ENABLE_OBJC_WEAK = YES;
				CLANG_WARN_BLOCK_CAPTURE_AUTORELEASING = YES;
				CLANG_WARN_BOOL_CONVERSION = YES;
				CLANG_WARN_COMMA = YES;
				CLANG_WARN_CONSTANT_CONVERSION = YES;
				CLANG_WARN_DEPRECATED_OBJC_IMPLEMENTATIONS = YES;
				CLANG_WARN_DIRECT_OBJC_ISA_USAGE = YES_ERROR;
				CLANG_WARN_DOCUMENTATION_COMMENTS = YES;
				CLANG_WARN_EMPTY_BODY = YES;
				CLANG_WARN_ENUM_CONVERSION = YES;
				CLANG_WARN_INFINITE_RECURSION = YES;
				CLANG_WARN_INT_CONVERSION = YES;
				CLANG_WARN_NON_LITERAL_NULL_CONVERSION = YES;
				CLANG_WARN_OBJC_IMPLICIT_RETAIN_SELF = YES;
				CLANG_WARN_OBJC_LITERAL_CONVERSION = YES;
				CLANG_WARN_OBJC_ROOT_CLASS = YES_ERROR;
				CLANG_WARN_QUOTED_INCLUDE_IN_FRAMEWORK_HEADER = YES;
				CLANG_WARN_RANGE_LOOP_ANALYSIS = YES;
				CLANG_WARN_STRICT_PROTOTYPES = YES;
				CLANG_WARN_SUSPICIOUS_MOVE = YES;
				CLANG_WARN_UNGUARDED_AVAILABILITY = YES_AGGRESSIVE;
				CLANG_WARN_UNREACHABLE_CODE = YES;
				CLANG_WARN__DUPLICATE_METHOD_MATCH = YES;
				COPY_PHASE_STRIP = NO;
				DEBUG_INFORMATION_FORMAT = dwarf;
				ENABLE_STRICT_OBJC_MSGSEND = YES;
				ENABLE_TESTABILITY = YES;
				ENABLE_USER_SCRIPT_SANDBOXING = YES;
				GCC_C_LANGUAGE_STANDARD = gnu17;
				GCC_DYNAMIC_NO_PIC = NO;
				GCC_NO_COMMON_BLOCKS = YES;
				GCC_OPTIMIZATION_LEVEL = 0;
				GCC_PREPROCESSOR_DEFINITIONS = (
					"DEBUG=1",
					"$(inherited)",
				);
				GCC_WARN_64_TO_32_BIT_CONVERSION = YES;
				GCC_WARN_ABOUT_RETURN_TYPE = YES_ERROR;
				GCC_WARN_UNDECLARED_SELECTOR = YES;
				GCC_WARN_UNINITIALIZED_AUTOS = YES_AGGRESSIVE;
				GCC_WARN_UNUSED_FUNCTION = YES;
				GCC_WARN_UNUSED_VARIABLE = YES;
				IPHONEOS_DEPLOYMENT_TARGET = 14.0;
				LOCALIZATION_PREFERS_STRING_CATALOGS = YES;
				MTL_ENABLE_DEBUG_INFO = INCLUDE_SOURCE;
				MTL_FAST_MATH = YES;
				ONLY_ACTIVE_ARCH = YES;
				SDKROOT = iphoneos;
				SWIFT_ACTIVE_COMPILATION_CONDITIONS = "DEBUG $(inherited)";
				SWIFT_OPTIMIZATION_LEVEL = "-Onone";
			};
			name = Debug;
		};
		718150342B6291D8005E4451 /* Release */ = {
			isa = XCBuildConfiguration;
			baseConfigurationReference = 2C33B1712B763CFB00A9476D /* Config.xcconfig */;
			buildSettings = {
				ALWAYS_SEARCH_USER_PATHS = NO;
				ASSETCATALOG_COMPILER_GENERATE_SWIFT_ASSET_SYMBOL_EXTENSIONS = YES;
				CLANG_ANALYZER_NONNULL = YES;
				CLANG_ANALYZER_NUMBER_OBJECT_CONVERSION = YES_AGGRESSIVE;
				CLANG_CXX_LANGUAGE_STANDARD = "gnu++20";
				CLANG_ENABLE_MODULES = YES;
				CLANG_ENABLE_OBJC_ARC = YES;
				CLANG_ENABLE_OBJC_WEAK = YES;
				CLANG_WARN_BLOCK_CAPTURE_AUTORELEASING = YES;
				CLANG_WARN_BOOL_CONVERSION = YES;
				CLANG_WARN_COMMA = YES;
				CLANG_WARN_CONSTANT_CONVERSION = YES;
				CLANG_WARN_DEPRECATED_OBJC_IMPLEMENTATIONS = YES;
				CLANG_WARN_DIRECT_OBJC_ISA_USAGE = YES_ERROR;
				CLANG_WARN_DOCUMENTATION_COMMENTS = YES;
				CLANG_WARN_EMPTY_BODY = YES;
				CLANG_WARN_ENUM_CONVERSION = YES;
				CLANG_WARN_INFINITE_RECURSION = YES;
				CLANG_WARN_INT_CONVERSION = YES;
				CLANG_WARN_NON_LITERAL_NULL_CONVERSION = YES;
				CLANG_WARN_OBJC_IMPLICIT_RETAIN_SELF = YES;
				CLANG_WARN_OBJC_LITERAL_CONVERSION = YES;
				CLANG_WARN_OBJC_ROOT_CLASS = YES_ERROR;
				CLANG_WARN_QUOTED_INCLUDE_IN_FRAMEWORK_HEADER = YES;
				CLANG_WARN_RANGE_LOOP_ANALYSIS = YES;
				CLANG_WARN_STRICT_PROTOTYPES = YES;
				CLANG_WARN_SUSPICIOUS_MOVE = YES;
				CLANG_WARN_UNGUARDED_AVAILABILITY = YES_AGGRESSIVE;
				CLANG_WARN_UNREACHABLE_CODE = YES;
				CLANG_WARN__DUPLICATE_METHOD_MATCH = YES;
				COPY_PHASE_STRIP = NO;
				DEBUG_INFORMATION_FORMAT = "dwarf-with-dsym";
				ENABLE_NS_ASSERTIONS = NO;
				ENABLE_STRICT_OBJC_MSGSEND = YES;
				ENABLE_USER_SCRIPT_SANDBOXING = YES;
				GCC_C_LANGUAGE_STANDARD = gnu17;
				GCC_NO_COMMON_BLOCKS = YES;
				GCC_WARN_64_TO_32_BIT_CONVERSION = YES;
				GCC_WARN_ABOUT_RETURN_TYPE = YES_ERROR;
				GCC_WARN_UNDECLARED_SELECTOR = YES;
				GCC_WARN_UNINITIALIZED_AUTOS = YES_AGGRESSIVE;
				GCC_WARN_UNUSED_FUNCTION = YES;
				GCC_WARN_UNUSED_VARIABLE = YES;
				IPHONEOS_DEPLOYMENT_TARGET = 14.0;
				LOCALIZATION_PREFERS_STRING_CATALOGS = YES;
				MTL_ENABLE_DEBUG_INFO = NO;
				MTL_FAST_MATH = YES;
				SDKROOT = iphoneos;
				SWIFT_COMPILATION_MODE = wholemodule;
				VALIDATE_PRODUCT = YES;
			};
			name = Release;
		};
		718150362B6291D8005E4451 /* Debug */ = {
			isa = XCBuildConfiguration;
			baseConfigurationReference = 2C33B1712B763CFB00A9476D /* Config.xcconfig */;
			buildSettings = {
				ASSETCATALOG_COMPILER_APPICON_NAME = AppIcon;
				ASSETCATALOG_COMPILER_GLOBAL_ACCENT_COLOR_NAME = AccentColor;
				CODE_SIGN_ENTITLEMENTS = "Puzzle-iOS/Puzzle-iOS.entitlements";
				CODE_SIGN_IDENTITY = "Apple Development";
				"CODE_SIGN_IDENTITY[sdk=iphoneos*]" = "iPhone Developer";
				CODE_SIGN_STYLE = Manual;
				CURRENT_PROJECT_VERSION = 1;
				DEVELOPMENT_TEAM = "";
				"DEVELOPMENT_TEAM[sdk=iphoneos*]" = 8Q4H7X3Q58;
				ENABLE_USER_SCRIPT_SANDBOXING = NO;
				GENERATE_INFOPLIST_FILE = YES;
				INFOPLIST_FILE = "Puzzle-iOS/Application/Info.plist";
				INFOPLIST_KEY_UIApplicationSupportsIndirectInputEvents = YES;
				INFOPLIST_KEY_UILaunchStoryboardName = LaunchScreen;
				INFOPLIST_KEY_UISupportedInterfaceOrientations_iPad = "UIInterfaceOrientationPortrait UIInterfaceOrientationPortraitUpsideDown UIInterfaceOrientationLandscapeLeft UIInterfaceOrientationLandscapeRight";
				INFOPLIST_KEY_UISupportedInterfaceOrientations_iPhone = "UIInterfaceOrientationPortrait UIInterfaceOrientationLandscapeLeft UIInterfaceOrientationLandscapeRight";
				IPHONEOS_DEPLOYMENT_TARGET = 14.0;
				LD_RUNPATH_SEARCH_PATHS = (
					"$(inherited)",
					"@executable_path/Frameworks",
				);
				MARKETING_VERSION = 1.0;
				PRODUCT_BUNDLE_IDENTIFIER = "com.puzzle.PuzzleU-iOS";
				PRODUCT_NAME = "$(TARGET_NAME)";
				PROVISIONING_PROFILE_SPECIFIER = "";
				"PROVISIONING_PROFILE_SPECIFIER[sdk=iphoneos*]" = "match Development com.puzzle.PuzzleU-iOS";
				SWIFT_EMIT_LOC_STRINGS = YES;
				SWIFT_VERSION = 5.0;
				TARGETED_DEVICE_FAMILY = "1,2";
			};
			name = Debug;
		};
		718150372B6291D8005E4451 /* Release */ = {
			isa = XCBuildConfiguration;
			baseConfigurationReference = 2C33B1712B763CFB00A9476D /* Config.xcconfig */;
			buildSettings = {
				ASSETCATALOG_COMPILER_APPICON_NAME = AppIcon;
				ASSETCATALOG_COMPILER_GLOBAL_ACCENT_COLOR_NAME = AccentColor;
				CODE_SIGN_ENTITLEMENTS = "Puzzle-iOS/Puzzle-iOS.entitlements";
				CODE_SIGN_IDENTITY = "Apple Development";
				"CODE_SIGN_IDENTITY[sdk=iphoneos*]" = "iPhone Developer";
				CODE_SIGN_STYLE = Manual;
				CURRENT_PROJECT_VERSION = 1;
				DEVELOPMENT_TEAM = "";
				"DEVELOPMENT_TEAM[sdk=iphoneos*]" = 8Q4H7X3Q58;
				ENABLE_USER_SCRIPT_SANDBOXING = NO;
				GENERATE_INFOPLIST_FILE = YES;
				INFOPLIST_FILE = "Puzzle-iOS/Application/Info.plist";
				INFOPLIST_KEY_UIApplicationSupportsIndirectInputEvents = YES;
				INFOPLIST_KEY_UILaunchStoryboardName = LaunchScreen;
				INFOPLIST_KEY_UISupportedInterfaceOrientations_iPad = "UIInterfaceOrientationPortrait UIInterfaceOrientationPortraitUpsideDown UIInterfaceOrientationLandscapeLeft UIInterfaceOrientationLandscapeRight";
				INFOPLIST_KEY_UISupportedInterfaceOrientations_iPhone = "UIInterfaceOrientationPortrait UIInterfaceOrientationLandscapeLeft UIInterfaceOrientationLandscapeRight";
				IPHONEOS_DEPLOYMENT_TARGET = 14.0;
				LD_RUNPATH_SEARCH_PATHS = (
					"$(inherited)",
					"@executable_path/Frameworks",
				);
				MARKETING_VERSION = 1.0;
				PRODUCT_BUNDLE_IDENTIFIER = "com.puzzle.PuzzleU-iOS";
				PRODUCT_NAME = "$(TARGET_NAME)";
				PROVISIONING_PROFILE_SPECIFIER = "";
				"PROVISIONING_PROFILE_SPECIFIER[sdk=iphoneos*]" = "match Development com.puzzle.PuzzleU-iOS";
				SWIFT_EMIT_LOC_STRINGS = YES;
				SWIFT_VERSION = 5.0;
				TARGETED_DEVICE_FAMILY = "1,2";
			};
			name = Release;
		};
		718150392B6291D8005E4451 /* Debug */ = {
			isa = XCBuildConfiguration;
			buildSettings = {
				ALWAYS_EMBED_SWIFT_STANDARD_LIBRARIES = YES;
				BUNDLE_LOADER = "$(TEST_HOST)";
				CODE_SIGN_STYLE = Automatic;
				CURRENT_PROJECT_VERSION = 1;
				GENERATE_INFOPLIST_FILE = YES;
				IPHONEOS_DEPLOYMENT_TARGET = 17.0;
				MARKETING_VERSION = 1.0;
				PRODUCT_BUNDLE_IDENTIFIER = "com.puzzle.Puzzle-iOSTests";
				PRODUCT_NAME = "$(TARGET_NAME)";
				SWIFT_EMIT_LOC_STRINGS = NO;
				SWIFT_VERSION = 5.0;
				TARGETED_DEVICE_FAMILY = "1,2";
				TEST_HOST = "$(BUILT_PRODUCTS_DIR)/Puzzle-iOS.app/$(BUNDLE_EXECUTABLE_FOLDER_PATH)/Puzzle-iOS";
			};
			name = Debug;
		};
		7181503A2B6291D8005E4451 /* Release */ = {
			isa = XCBuildConfiguration;
			buildSettings = {
				ALWAYS_EMBED_SWIFT_STANDARD_LIBRARIES = YES;
				BUNDLE_LOADER = "$(TEST_HOST)";
				CODE_SIGN_STYLE = Automatic;
				CURRENT_PROJECT_VERSION = 1;
				GENERATE_INFOPLIST_FILE = YES;
				IPHONEOS_DEPLOYMENT_TARGET = 17.0;
				MARKETING_VERSION = 1.0;
				PRODUCT_BUNDLE_IDENTIFIER = "com.puzzle.Puzzle-iOSTests";
				PRODUCT_NAME = "$(TARGET_NAME)";
				SWIFT_EMIT_LOC_STRINGS = NO;
				SWIFT_VERSION = 5.0;
				TARGETED_DEVICE_FAMILY = "1,2";
				TEST_HOST = "$(BUILT_PRODUCTS_DIR)/Puzzle-iOS.app/$(BUNDLE_EXECUTABLE_FOLDER_PATH)/Puzzle-iOS";
			};
			name = Release;
		};
		7181503C2B6291D8005E4451 /* Debug */ = {
			isa = XCBuildConfiguration;
			buildSettings = {
				ALWAYS_EMBED_SWIFT_STANDARD_LIBRARIES = YES;
				CODE_SIGN_STYLE = Automatic;
				CURRENT_PROJECT_VERSION = 1;
				GENERATE_INFOPLIST_FILE = YES;
				MARKETING_VERSION = 1.0;
				PRODUCT_BUNDLE_IDENTIFIER = "com.puzzle.Puzzle-iOSUITests";
				PRODUCT_NAME = "$(TARGET_NAME)";
				SWIFT_EMIT_LOC_STRINGS = NO;
				SWIFT_VERSION = 5.0;
				TARGETED_DEVICE_FAMILY = "1,2";
				TEST_TARGET_NAME = "Puzzle-iOS";
			};
			name = Debug;
		};
		7181503D2B6291D8005E4451 /* Release */ = {
			isa = XCBuildConfiguration;
			buildSettings = {
				ALWAYS_EMBED_SWIFT_STANDARD_LIBRARIES = YES;
				CODE_SIGN_STYLE = Automatic;
				CURRENT_PROJECT_VERSION = 1;
				GENERATE_INFOPLIST_FILE = YES;
				MARKETING_VERSION = 1.0;
				PRODUCT_BUNDLE_IDENTIFIER = "com.puzzle.Puzzle-iOSUITests";
				PRODUCT_NAME = "$(TARGET_NAME)";
				SWIFT_EMIT_LOC_STRINGS = NO;
				SWIFT_VERSION = 5.0;
				TARGETED_DEVICE_FAMILY = "1,2";
				TEST_TARGET_NAME = "Puzzle-iOS";
			};
			name = Release;
		};
/* End XCBuildConfiguration section */

/* Begin XCConfigurationList section */
		718150062B6291D7005E4451 /* Build configuration list for PBXProject "Puzzle-iOS" */ = {
			isa = XCConfigurationList;
			buildConfigurations = (
				718150332B6291D8005E4451 /* Debug */,
				718150342B6291D8005E4451 /* Release */,
			);
			defaultConfigurationIsVisible = 0;
			defaultConfigurationName = Release;
		};
		718150352B6291D8005E4451 /* Build configuration list for PBXNativeTarget "Puzzle-iOS" */ = {
			isa = XCConfigurationList;
			buildConfigurations = (
				718150362B6291D8005E4451 /* Debug */,
				718150372B6291D8005E4451 /* Release */,
			);
			defaultConfigurationIsVisible = 0;
			defaultConfigurationName = Release;
		};
		718150382B6291D8005E4451 /* Build configuration list for PBXNativeTarget "Puzzle-iOSTests" */ = {
			isa = XCConfigurationList;
			buildConfigurations = (
				718150392B6291D8005E4451 /* Debug */,
				7181503A2B6291D8005E4451 /* Release */,
			);
			defaultConfigurationIsVisible = 0;
			defaultConfigurationName = Release;
		};
		7181503B2B6291D8005E4451 /* Build configuration list for PBXNativeTarget "Puzzle-iOSUITests" */ = {
			isa = XCConfigurationList;
			buildConfigurations = (
				7181503C2B6291D8005E4451 /* Debug */,
				7181503D2B6291D8005E4451 /* Release */,
			);
			defaultConfigurationIsVisible = 0;
			defaultConfigurationName = Release;
		};
/* End XCConfigurationList section */

/* Begin XCRemoteSwiftPackageReference section */
		2C5310D82B6E6FB700704371 /* XCRemoteSwiftPackageReference "SnapKit" */ = {
			isa = XCRemoteSwiftPackageReference;
			repositoryURL = "https://github.com/SnapKit/SnapKit";
			requirement = {
				kind = upToNextMajorVersion;
				minimumVersion = 5.7.0;
			};
		};
		2C55EEB72B711ACA001AD42E /* XCRemoteSwiftPackageReference "kakao-ios-sdk" */ = {
			isa = XCRemoteSwiftPackageReference;
			repositoryURL = "https://github.com/kakao/kakao-ios-sdk.git";
			requirement = {
				kind = upToNextMajorVersion;
				minimumVersion = 2.20.0;
			};
		};
		7127DA6C2B85F91E00B262DA /* XCRemoteSwiftPackageReference "SwiftLint" */ = {
			isa = XCRemoteSwiftPackageReference;
			repositoryURL = "https://github.com/realm/SwiftLint";
			requirement = {
				kind = upToNextMajorVersion;
				minimumVersion = 0.54.0;
			};
		};
		718150482B629709005E4451 /* XCRemoteSwiftPackageReference "Kingfisher" */ = {
			isa = XCRemoteSwiftPackageReference;
			repositoryURL = "https://github.com/onevcat/Kingfisher";
			requirement = {
				kind = upToNextMajorVersion;
				minimumVersion = 7.10.2;
			};
		};
		7181504D2B629725005E4451 /* XCRemoteSwiftPackageReference "Then" */ = {
			isa = XCRemoteSwiftPackageReference;
			repositoryURL = "https://github.com/devxoul/Then";
			requirement = {
				kind = upToNextMajorVersion;
				minimumVersion = 3.0.0;
			};
		};
/* End XCRemoteSwiftPackageReference section */

/* Begin XCSwiftPackageProductDependency section */
		2C1764FF2B71FB1D00CD789E /* KakaoSDKCommon */ = {
			isa = XCSwiftPackageProductDependency;
			package = 2C55EEB72B711ACA001AD42E /* XCRemoteSwiftPackageReference "kakao-ios-sdk" */;
			productName = KakaoSDKCommon;
		};
		2C5310D92B6E6FB700704371 /* SnapKit */ = {
			isa = XCSwiftPackageProductDependency;
			package = 2C5310D82B6E6FB700704371 /* XCRemoteSwiftPackageReference "SnapKit" */;
			productName = SnapKit;
		};
		2C55EEB82B711ACA001AD42E /* KakaoSDK */ = {
			isa = XCSwiftPackageProductDependency;
			package = 2C55EEB72B711ACA001AD42E /* XCRemoteSwiftPackageReference "kakao-ios-sdk" */;
			productName = KakaoSDK;
		};
		2C55EEBA2B711ACA001AD42E /* KakaoSDKAuth */ = {
			isa = XCSwiftPackageProductDependency;
			package = 2C55EEB72B711ACA001AD42E /* XCRemoteSwiftPackageReference "kakao-ios-sdk" */;
			productName = KakaoSDKAuth;
		};
		2C55EEBC2B711ACA001AD42E /* KakaoSDKUser */ = {
			isa = XCSwiftPackageProductDependency;
			package = 2C55EEB72B711ACA001AD42E /* XCRemoteSwiftPackageReference "kakao-ios-sdk" */;
			productName = KakaoSDKUser;
		};
		718150492B629709005E4451 /* Kingfisher */ = {
			isa = XCSwiftPackageProductDependency;
			package = 718150482B629709005E4451 /* XCRemoteSwiftPackageReference "Kingfisher" */;
			productName = Kingfisher;
		};
		7181504E2B629725005E4451 /* Then */ = {
			isa = XCSwiftPackageProductDependency;
			package = 7181504D2B629725005E4451 /* XCRemoteSwiftPackageReference "Then" */;
			productName = Then;
		};
/* End XCSwiftPackageProductDependency section */
	};
	rootObject = 718150032B6291D7005E4451 /* Project object */;
}
